
Microsoft Visual Studio Solution File, Format Version 12.00
# Visual Studio Version 17
VisualStudioVersion = 17.3.32804.467
MinimumVisualStudioVersion = 10.0.40219.1
Project("{FAE04EC0-301F-11D3-BF4B-00C04F79EFBC}") = "Weather.API", "Weather.API\Weather.API.csproj", "{785F581D-F762-4C9B-8389-6C3EE4522443}"
EndProject
Project("{FAE04EC0-301F-11D3-BF4B-00C04F79EFBC}") = "Weather.Infra", "Weather.Infra\Weather.Infra.csproj", "{7A618F3E-C4BF-4904-A779-308FF6BA9F62}"
EndProject
Project("{FAE04EC0-301F-11D3-BF4B-00C04F79EFBC}") = "Weather.Domain", "Weather.Domain\Weather.Domain.csproj", "{0E6D13F2-36D3-41F9-87C3-3CA27C841E25}"
EndProject
Global
	GlobalSection(SolutionConfigurationPlatforms) = preSolution
		Debug|Any CPU = Debug|Any CPU
		Release|Any CPU = Release|Any CPU
	EndGlobalSection
	GlobalSection(ProjectConfigurationPlatforms) = postSolution
		{785F581D-F762-4C9B-8389-6C3EE4522443}.Debug|Any CPU.ActiveCfg = Debug|Any CPU
		{785F581D-F762-4C9B-8389-6C3EE4522443}.Debug|Any CPU.Build.0 = Debug|Any CPU
		{785F581D-F762-4C9B-8389-6C3EE4522443}.Release|Any CPU.ActiveCfg = Release|Any CPU
		{785F581D-F762-4C9B-8389-6C3EE4522443}.Release|Any CPU.Build.0 = Release|Any CPU
		{7A618F3E-C4BF-4904-A779-308FF6BA9F62}.Debug|Any CPU.ActiveCfg = Debug|Any CPU
		{7A618F3E-C4BF-4904-A779-308FF6BA9F62}.Debug|Any CPU.Build.0 = Debug|Any CPU
		{7A618F3E-C4BF-4904-A779-308FF6BA9F62}.Release|Any CPU.ActiveCfg = Release|Any CPU
		{7A618F3E-C4BF-4904-A779-308FF6BA9F62}.Release|Any CPU.Build.0 = Release|Any CPU
		{0E6D13F2-36D3-41F9-87C3-3CA27C841E25}.Debug|Any CPU.ActiveCfg = Debug|Any CPU
		{0E6D13F2-36D3-41F9-87C3-3CA27C841E25}.Debug|Any CPU.Build.0 = Debug|Any CPU
		{0E6D13F2-36D3-41F9-87C3-3CA27C841E25}.Release|Any CPU.ActiveCfg = Release|Any CPU
		{0E6D13F2-36D3-41F9-87C3-3CA27C841E25}.Release|Any CPU.Build.0 = Release|Any CPU
	EndGlobalSection
	GlobalSection(SolutionProperties) = preSolution
		HideSolutionNode = FALSE
	EndGlobalSection
	GlobalSection(ExtensibilityGlobals) = postSolution
		SolutionGuid = {AEDF50CB-C9BB-465E-ADC2-FC0815671821}
	EndGlobalSection
EndGlobal
